{
  "name": "keyopen",
  "version": "1.0.4",
  "lockfileVersion": 3,
  "requires": true,
  "packages": {
    "": {
      "name": "keyopen",
      "version": "1.0.4",
      "license": "MIT",
      "dependencies": {
        "@tauri-apps/api": "^1.5.1"
      }
    },
    "node_modules/@tauri-apps/api": {
      "version": "1.5.1",
      "resolved": "https://registry.npmjs.org/@tauri-apps/api/-/api-1.5.1.tgz",
      "integrity": "sha512-6unsZDOdlXTmauU3NhWhn+Cx0rODV+rvNvTdvolE5Kls5ybA6cqndQENDt1+FS0tF7ozCP66jwWoH6a5h90BrA==",
      "engines": {
        "node": ">= 14.6.0",
        "npm": ">= 6.6.0",
        "yarn": ">= 1.19.1"
      },
      "funding": {
        "type": "opencollective",
        "url": "https://opencollective.com/tauri"
      }
    }
  }
}
